# Generated by pub
# See http://pub.dartlang.org/doc/glossary.html#lockfile
packages:
  browser:
    description: browser
    source: hosted
    version: "0.9.1"
  vector_math:
    description:
      ref: null
      resolved-ref: "2aeb80317558f41a867025fdcedc8a0152a96407"
      url: "https://github.com/johnmccutchan/vector_math.git"
    source: git
    version: "1.4.2-dev+2"
